
Microsoft Visual Studio Solution File, Format Version 12.00
# Visual Studio Version 16
VisualStudioVersion = 16.0.808.0
MinimumVisualStudioVersion = 10.0.40219.1
Project("{FAE04EC0-301F-11D3-BF4B-00C04F79EFBC}") = "SignInUser", "SignInUser\SignInUser.csproj", "{A9FB5160-29DB-4FA5-B5B9-88FCB11E8695}"
EndProject
Global
	GlobalSection(SolutionConfigurationPlatforms) = preSolution
		Debug|iPhoneSimulator = Debug|iPhoneSimulator
		Release|iPhoneSimulator = Release|iPhoneSimulator
		Debug|iPhone = Debug|iPhone
		Release|iPhone = Release|iPhone
	EndGlobalSection
	GlobalSection(ProjectConfigurationPlatforms) = postSolution
		{A9FB5160-29DB-4FA5-B5B9-88FCB11E8695}.Debug|iPhoneSimulator.ActiveCfg = Debug|iPhoneSimulator
		{A9FB5160-29DB-4FA5-B5B9-88FCB11E8695}.Debug|iPhoneSimulator.Build.0 = Debug|iPhoneSimulator
		{A9FB5160-29DB-4FA5-B5B9-88FCB11E8695}.Release|iPhoneSimulator.ActiveCfg = Release|iPhoneSimulator
		{A9FB5160-29DB-4FA5-B5B9-88FCB11E8695}.Release|iPhoneSimulator.Build.0 = Release|iPhoneSimulator
		{A9FB5160-29DB-4FA5-B5B9-88FCB11E8695}.Debug|iPhone.ActiveCfg = Debug|iPhone
		{A9FB5160-29DB-4FA5-B5B9-88FCB11E8695}.Debug|iPhone.Build.0 = Debug|iPhone
		{A9FB5160-29DB-4FA5-B5B9-88FCB11E8695}.Release|iPhone.ActiveCfg = Release|iPhone
		{A9FB5160-29DB-4FA5-B5B9-88FCB11E8695}.Release|iPhone.Build.0 = Release|iPhone
	EndGlobalSection
	GlobalSection(SolutionProperties) = preSolution
		HideSolutionNode = FALSE
	EndGlobalSection
	GlobalSection(ExtensibilityGlobals) = postSolution
		SolutionGuid = {01AE4B70-C5CC-4CAB-B1DB-E7F548DE4ABC}
	EndGlobalSection
EndGlobal
